// !$*UTF8*$!
{
	archiveVersion = 1;
	classes = {
	};
	objectVersion = 50;
	objects = {

/* Begin PBXBuildFile section */
		86D9D1382345E5C5001BD29F /* AppDelegate.swift in Sources */ = {isa = PBXBuildFile; fileRef = 86D9D1372345E5C5001BD29F /* AppDelegate.swift */; };
		86D9D13A2345E5C5001BD29F /* SceneDelegate.swift in Sources */ = {isa = PBXBuildFile; fileRef = 86D9D1392345E5C5001BD29F /* SceneDelegate.swift */; };
		86D9D13E2345E5C7001BD29F /* Assets.xcassets in Resources */ = {isa = PBXBuildFile; fileRef = 86D9D13D2345E5C7001BD29F /* Assets.xcassets */; };
		86D9D1412345E5C7001BD29F /* Preview Assets.xcassets in Resources */ = {isa = PBXBuildFile; fileRef = 86D9D1402345E5C7001BD29F /* Preview Assets.xcassets */; };
		86D9D1442345E5C7001BD29F /* LaunchScreen.storyboard in Resources */ = {isa = PBXBuildFile; fileRef = 86D9D1422345E5C7001BD29F /* LaunchScreen.storyboard */; };
		86D9D14D2345E621001BD29F /* Birthday.swift in Sources */ = {isa = PBXBuildFile; fileRef = 86D9D14C2345E621001BD29F /* Birthday.swift */; };
		86D9D1532345EB7D001BD29F /* BirthdayCell.swift in Sources */ = {isa = PBXBuildFile; fileRef = 86D9D1522345EB7D001BD29F /* BirthdayCell.swift */; };
		9448C2C4234FA00E00807E3F /* Model.swift in Sources */ = {isa = PBXBuildFile; fileRef = 9448C2C3234FA00E00807E3F /* Model.swift */; };
		9448C2C6234FCA3A00807E3F /* EditBirthday.swift in Sources */ = {isa = PBXBuildFile; fileRef = 9448C2C5234FCA3A00807E3F /* EditBirthday.swift */; };
		9448C2CA234FD73D00807E3F /* AllBirthdaysView.swift in Sources */ = {isa = PBXBuildFile; fileRef = 9448C2C9234FD73D00807E3F /* AllBirthdaysView.swift */; };
/* End PBXBuildFile section */

/* Begin PBXFileReference section */
		86D9D1342345E5C5001BD29F /* Birthdays.app */ = {isa = PBXFileReference; explicitFileType = wrapper.application; includeInIndex = 0; path = Birthdays.app; sourceTree = BUILT_PRODUCTS_DIR; };
		86D9D1372345E5C5001BD29F /* AppDelegate.swift */ = {isa = PBXFileReference; lastKnownFileType = sourcecode.swift; path = AppDelegate.swift; sourceTree = "<group>"; };
		86D9D1392345E5C5001BD29F /* SceneDelegate.swift */ = {isa = PBXFileReference; lastKnownFileType = sourcecode.swift; path = SceneDelegate.swift; sourceTree = "<group>"; };
		86D9D13D2345E5C7001BD29F /* Assets.xcassets */ = {isa = PBXFileReference; lastKnownFileType = folder.assetcatalog; path = Assets.xcassets; sourceTree = "<group>"; };
		86D9D1402345E5C7001BD29F /* Preview Assets.xcassets */ = {isa = PBXFileReference; lastKnownFileType = folder.assetcatalog; path = "Preview Assets.xcassets"; sourceTree = "<group>"; };
		86D9D1432345E5C7001BD29F /* Base */ = {isa = PBXFileReference; lastKnownFileType = file.storyboard; name = Base; path = Base.lproj/LaunchScreen.storyboard; sourceTree = "<group>"; };
		86D9D1452345E5C7001BD29F /* Info.plist */ = {isa = PBXFileReference; lastKnownFileType = text.plist.xml; path = Info.plist; sourceTree = "<group>"; };
		86D9D14C2345E621001BD29F /* Birthday.swift */ = {isa = PBXFileReference; lastKnownFileType = sourcecode.swift; path = Birthday.swift; sourceTree = "<group>"; };
		86D9D1522345EB7D001BD29F /* BirthdayCell.swift */ = {isa = PBXFileReference; lastKnownFileType = sourcecode.swift; path = BirthdayCell.swift; sourceTree = "<group>"; };
		9448C2C3234FA00E00807E3F /* Model.swift */ = {isa = PBXFileReference; lastKnownFileType = sourcecode.swift; path = Model.swift; sourceTree = "<group>"; };
		9448C2C5234FCA3A00807E3F /* EditBirthday.swift */ = {isa = PBXFileReference; lastKnownFileType = sourcecode.swift; path = EditBirthday.swift; sourceTree = "<group>"; };
		9448C2C9234FD73D00807E3F /* AllBirthdaysView.swift */ = {isa = PBXFileReference; lastKnownFileType = sourcecode.swift; path = AllBirthdaysView.swift; sourceTree = "<group>"; };
/* End PBXFileReference section */

/* Begin PBXFrameworksBuildPhase section */
		86D9D1312345E5C5001BD29F /* Frameworks */ = {
			isa = PBXFrameworksBuildPhase;
			buildActionMask = 2147483647;
			files = (
			);
			runOnlyForDeploymentPostprocessing = 0;
		};
/* End PBXFrameworksBuildPhase section */

/* Begin PBXGroup section */
		86D9D12B2345E5C5001BD29F = {
			isa = PBXGroup;
			children = (
				86D9D1362345E5C5001BD29F /* Birthdays */,
				86D9D1352345E5C5001BD29F /* Products */,
			);
			sourceTree = "<group>";
		};
		86D9D1352345E5C5001BD29F /* Products */ = {
			isa = PBXGroup;
			children = (
				86D9D1342345E5C5001BD29F /* Birthdays.app */,
			);
			name = Products;
			sourceTree = "<group>";
		};
		86D9D1362345E5C5001BD29F /* Birthdays */ = {
			isa = PBXGroup;
			children = (
				86D9D1372345E5C5001BD29F /* AppDelegate.swift */,
				86D9D1392345E5C5001BD29F /* SceneDelegate.swift */,
				86D9D1512345EB6D001BD29F /* BirthdayList */,
				86D9D14B2345E5D6001BD29F /* Model */,
				86D9D1422345E5C7001BD29F /* LaunchScreen.storyboard */,
				86D9D13D2345E5C7001BD29F /* Assets.xcassets */,
				86D9D1452345E5C7001BD29F /* Info.plist */,
				86D9D13F2345E5C7001BD29F /* Preview Content */,
				9448C2C5234FCA3A00807E3F /* EditBirthday.swift */,
			);
			path = Birthdays;
			sourceTree = "<group>";
		};
		86D9D13F2345E5C7001BD29F /* Preview Content */ = {
			isa = PBXGroup;
			children = (
				86D9D1402345E5C7001BD29F /* Preview Assets.xcassets */,
			);
			path = "Preview Content";
			sourceTree = "<group>";
		};
		86D9D14B2345E5D6001BD29F /* Model */ = {
			isa = PBXGroup;
			children = (
				86D9D14C2345E621001BD29F /* Birthday.swift */,
				9448C2C3234FA00E00807E3F /* Model.swift */,
			);
			path = Model;
			sourceTree = "<group>";
		};
		86D9D1512345EB6D001BD29F /* BirthdayList */ = {
			isa = PBXGroup;
			children = (
				86D9D1522345EB7D001BD29F /* BirthdayCell.swift */,
				9448C2C9234FD73D00807E3F /* AllBirthdaysView.swift */,
			);
			path = BirthdayList;
			sourceTree = "<group>";
		};
/* End PBXGroup section */

/* Begin PBXNativeTarget section */
		86D9D1332345E5C5001BD29F /* Birthdays */ = {
			isa = PBXNativeTarget;
			buildConfigurationList = 86D9D1482345E5C7001BD29F /* Build configuration list for PBXNativeTarget "Birthdays" */;
			buildPhases = (
				86D9D1302345E5C5001BD29F /* Sources */,
				86D9D1312345E5C5001BD29F /* Frameworks */,
				86D9D1322345E5C5001BD29F /* Resources */,
			);
			buildRules = (
			);
			dependencies = (
			);
			name = Birthdays;
			productName = Birthdays;
			productReference = 86D9D1342345E5C5001BD29F /* Birthdays.app */;
			productType = "com.apple.product-type.application";
		};
/* End PBXNativeTarget section */

/* Begin PBXProject section */
		86D9D12C2345E5C5001BD29F /* Project object */ = {
			isa = PBXProject;
			attributes = {
				LastSwiftUpdateCheck = 1100;
				LastUpgradeCheck = 1100;
				ORGANIZATIONNAME = "TUM LS1";
				TargetAttributes = {
					86D9D1332345E5C5001BD29F = {
						CreatedOnToolsVersion = 11.0;
					};
				};
			};
			buildConfigurationList = 86D9D12F2345E5C5001BD29F /* Build configuration list for PBXProject "Birthdays" */;
			compatibilityVersion = "Xcode 9.3";
			developmentRegion = en;
			hasScannedForEncodings = 0;
			knownRegions = (
				en,
				Base,
			);
			mainGroup = 86D9D12B2345E5C5001BD29F;
			productRefGroup = 86D9D1352345E5C5001BD29F /* Products */;
			projectDirPath = "";
			projectRoot = "";
			targets = (
				86D9D1332345E5C5001BD29F /* Birthdays */,
			);
		};
/* End PBXProject section */

/* Begin PBXResourcesBuildPhase section */
		86D9D1322345E5C5001BD29F /* Resources */ = {
			isa = PBXResourcesBuildPhase;
			buildActionMask = 2147483647;
			files = (
				86D9D1442345E5C7001BD29F /* LaunchScreen.storyboard in Resources */,
				86D9D1412345E5C7001BD29F /* Preview Assets.xcassets in Resources */,
				86D9D13E2345E5C7001BD29F /* Assets.xcassets in Resources */,
			);
			runOnlyForDeploymentPostprocessing = 0;
		};
/* End PBXResourcesBuildPhase section */

/* Begin PBXSourcesBuildPhase section */
		86D9D1302345E5C5001BD29F /* Sources */ = {
			isa = PBXSourcesBuildPhase;
			buildActionMask = 2147483647;
			files = (
				9448C2C6234FCA3A00807E3F /* EditBirthday.swift in Sources */,
				86D9D14D2345E621001BD29F /* Birthday.swift in Sources */,
				86D9D1382345E5C5001BD29F /* AppDelegate.swift in Sources */,
				86D9D1532345EB7D001BD29F /* BirthdayCell.swift in Sources */,
				9448C2C4234FA00E00807E3F /* Model.swift in Sources */,
				86D9D13A2345E5C5001BD29F /* SceneDelegate.swift in Sources */,
				9448C2CA234FD73D00807E3F /* AllBirthdaysView.swift in Sources */,
			);
			runOnlyForDeploymentPostprocessing = 0;
		};
/* End PBXSourcesBuildPhase section */

/* Begin PBXVariantGroup section */
		86D9D1422345E5C7001BD29F /* LaunchScreen.storyboard */ = {
			isa = PBXVariantGroup;
			children = (
				86D9D1432345E5C7001BD29F /* Base */,
			);
			name = LaunchScreen.storyboard;
			sourceTree = "<group>";
		};
/* End PBXVariantGroup section */

/* Begin XCBuildConfiguration section */
		86D9D1462345E5C7001BD29F /* Debug */ = {
			isa = XCBuildConfiguration;
			buildSettings = {
				ALWAYS_SEARCH_USER_PATHS = NO;
				CLANG_ANALYZER_NONNULL = YES;
				CLANG_ANALYZER_NUMBER_OBJECT_CONVERSION = YES_AGGRESSIVE;
				CLANG_CXX_LANGUAGE_STANDARD = "gnu++14";
				CLANG_CXX_LIBRARY = "libc++";
				CLANG_ENABLE_MODULES = YES;
				CLANG_ENABLE_OBJC_ARC = YES;
				CLANG_ENABLE_OBJC_WEAK = YES;
				CLANG_WARN_BLOCK_CAPTURE_AUTORELEASING = YES;
				CLANG_WARN_BOOL_CONVERSION = YES;
				CLANG_WARN_COMMA = YES;
				CLANG_WARN_CONSTANT_CONVERSION = YES;
				CLANG_WARN_DEPRECATED_OBJC_IMPLEMENTATIONS = YES;
				CLANG_WARN_DIRECT_OBJC_ISA_USAGE = YES_ERROR;
				CLANG_WARN_DOCUMENTATION_COMMENTS = YES;
				CLANG_WARN_EMPTY_BODY = YES;
				CLANG_WARN_ENUM_CONVERSION = YES;
				CLANG_WARN_INFINITE_RECURSION = YES;
				CLANG_WARN_INT_CONVERSION = YES;
				CLANG_WARN_NON_LITERAL_NULL_CONVERSION = YES;
				CLANG_WARN_OBJC_IMPLICIT_RETAIN_SELF = YES;
				CLANG_WARN_OBJC_LITERAL_CONVERSION = YES;
				CLANG_WARN_OBJC_ROOT_CLASS = YES_ERROR;
				CLANG_WARN_RANGE_LOOP_ANALYSIS = YES;
				CLANG_WARN_STRICT_PROTOTYPES = YES;
				CLANG_WARN_SUSPICIOUS_MOVE = YES;
				CLANG_WARN_UNGUARDED_AVAILABILITY = YES_AGGRESSIVE;
				CLANG_WARN_UNREACHABLE_CODE = YES;
				CLANG_WARN__DUPLICATE_METHOD_MATCH = YES;
				COPY_PHASE_STRIP = NO;
				DEBUG_INFORMATION_FORMAT = dwarf;
				ENABLE_STRICT_OBJC_MSGSEND = YES;
				ENABLE_TESTABILITY = YES;
				GCC_C_LANGUAGE_STANDARD = gnu11;
				GCC_DYNAMIC_NO_PIC = NO;
				GCC_NO_COMMON_BLOCKS = YES;
				GCC_OPTIMIZATION_LEVEL = 0;
				GCC_PREPROCESSOR_DEFINITIONS = (
					"DEBUG=1",
					"$(inherited)",
				);
				GCC_WARN_64_TO_32_BIT_CONVERSION = YES;
				GCC_WARN_ABOUT_RETURN_TYPE = YES_ERROR;
				GCC_WARN_UNDECLARED_SELECTOR = YES;
				GCC_WARN_UNINITIALIZED_AUTOS = YES_AGGRESSIVE;
				GCC_WARN_UNUSED_FUNCTION = YES;
				GCC_WARN_UNUSED_VARIABLE = YES;
				IPHONEOS_DEPLOYMENT_TARGET = 13.0;
				MTL_ENABLE_DEBUG_INFO = INCLUDE_SOURCE;
				MTL_FAST_MATH = YES;
				ONLY_ACTIVE_ARCH = YES;
				SDKROOT = iphoneos;
				SWIFT_ACTIVE_COMPILATION_CONDITIONS = DEBUG;
				SWIFT_OPTIMIZATION_LEVEL = "-Onone";
			};
			name = Debug;
		};
		86D9D1472345E5C7001BD29F /* Release */ = {
			isa = XCBuildConfiguration;
			buildSettings = {
				ALWAYS_SEARCH_USER_PATHS = NO;
				CLANG_ANALYZER_NONNULL = YES;
				CLANG_ANALYZER_NUMBER_OBJECT_CONVERSION = YES_AGGRESSIVE;
				CLANG_CXX_LANGUAGE_STANDARD = "gnu++14";
				CLANG_CXX_LIBRARY = "libc++";
				CLANG_ENABLE_MODULES = YES;
				CLANG_ENABLE_OBJC_ARC = YES;
				CLANG_ENABLE_OBJC_WEAK = YES;
				CLANG_WARN_BLOCK_CAPTURE_AUTORELEASING = YES;
				CLANG_WARN_BOOL_CONVERSION = YES;
				CLANG_WARN_COMMA = YES;
				CLANG_WARN_CONSTANT_CONVERSION = YES;
				CLANG_WARN_DEPRECATED_OBJC_IMPLEMENTATIONS = YES;
				CLANG_WARN_DIRECT_OBJC_ISA_USAGE = YES_ERROR;
				CLANG_WARN_DOCUMENTATION_COMMENTS = YES;
				CLANG_WARN_EMPTY_BODY = YES;
				CLANG_WARN_ENUM_CONVERSION = YES;
				CLANG_WARN_INFINITE_RECURSION = YES;
				CLANG_WARN_INT_CONVERSION = YES;
				CLANG_WARN_NON_LITERAL_NULL_CONVERSION = YES;
				CLANG_WARN_OBJC_IMPLICIT_RETAIN_SELF = YES;
				CLANG_WARN_OBJC_LITERAL_CONVERSION = YES;
				CLANG_WARN_OBJC_ROOT_CLASS = YES_ERROR;
				CLANG_WARN_RANGE_LOOP_ANALYSIS = YES;
				CLANG_WARN_STRICT_PROTOTYPES = YES;
				CLANG_WARN_SUSPICIOUS_MOVE = YES;
				CLANG_WARN_UNGUARDED_AVAILABILITY = YES_AGGRESSIVE;
				CLANG_WARN_UNREACHABLE_CODE = YES;
				CLANG_WARN__DUPLICATE_METHOD_MATCH = YES;
				COPY_PHASE_STRIP = NO;
				DEBUG_INFORMATION_FORMAT = "dwarf-with-dsym";
				ENABLE_NS_ASSERTIONS = NO;
				ENABLE_STRICT_OBJC_MSGSEND = YES;
				GCC_C_LANGUAGE_STANDARD = gnu11;
				GCC_NO_COMMON_BLOCKS = YES;
				GCC_WARN_64_TO_32_BIT_CONVERSION = YES;
				GCC_WARN_ABOUT_RETURN_TYPE = YES_ERROR;
				GCC_WARN_UNDECLARED_SELECTOR = YES;
				GCC_WARN_UNINITIALIZED_AUTOS = YES_AGGRESSIVE;
				GCC_WARN_UNUSED_FUNCTION = YES;
				GCC_WARN_UNUSED_VARIABLE = YES;
				IPHONEOS_DEPLOYMENT_TARGET = 13.0;
				MTL_ENABLE_DEBUG_INFO = NO;
				MTL_FAST_MATH = YES;
				SDKROOT = iphoneos;
				SWIFT_COMPILATION_MODE = wholemodule;
				SWIFT_OPTIMIZATION_LEVEL = "-O";
				VALIDATE_PRODUCT = YES;
			};
			name = Release;
		};
		86D9D1492345E5C7001BD29F /* Debug */ = {
			isa = XCBuildConfiguration;
			buildSettings = {
				ASSETCATALOG_COMPILER_APPICON_NAME = AppIcon;
				CODE_SIGN_STYLE = Automatic;
				DEVELOPMENT_ASSET_PATHS = "\"Birthdays/Preview Content\"";
				DEVELOPMENT_TEAM = 7PLLZ436SG;
				ENABLE_PREVIEWS = YES;
				INFOPLIST_FILE = Birthdays/Info.plist;
				LD_RUNPATH_SEARCH_PATHS = (
					"$(inherited)",
					"@executable_path/Frameworks",
				);
				PRODUCT_BUNDLE_IDENTIFIER = de.tum.in.ase.Birthdays;
				PRODUCT_NAME = "$(TARGET_NAME)";
				SWIFT_VERSION = 5.0;
				TARGETED_DEVICE_FAMILY = "1,2";
			};
			name = Debug;
		};
		86D9D14A2345E5C7001BD29F /* Release */ = {
			isa = XCBuildConfiguration;
			buildSettings = {
				ASSETCATALOG_COMPILER_APPICON_NAME = AppIcon;
				CODE_SIGN_STYLE = Automatic;
				DEVELOPMENT_ASSET_PATHS = "\"Birthdays/Preview Content\"";
				DEVELOPMENT_TEAM = 7PLLZ436SG;
				ENABLE_PREVIEWS = YES;
				INFOPLIST_FILE = Birthdays/Info.plist;
				LD_RUNPATH_SEARCH_PATHS = (
					"$(inherited)",
					"@executable_path/Frameworks",
				);
				PRODUCT_BUNDLE_IDENTIFIER = de.tum.in.ase.Birthdays;
				PRODUCT_NAME = "$(TARGET_NAME)";
				SWIFT_VERSION = 5.0;
				TARGETED_DEVICE_FAMILY = "1,2";
			};
			name = Release;
		};
/* End XCBuildConfiguration section */

/* Begin XCConfigurationList section */
		86D9D12F2345E5C5001BD29F /* Build configuration list for PBXProject "Birthdays" */ = {
			isa = XCConfigurationList;
			buildConfigurations = (
				86D9D1462345E5C7001BD29F /* Debug */,
				86D9D1472345E5C7001BD29F /* Release */,
			);
			defaultConfigurationIsVisible = 0;
			defaultConfigurationName = Release;
		};
		86D9D1482345E5C7001BD29F /* Build configuration list for PBXNativeTarget "Birthdays" */ = {
			isa = XCConfigurationList;
			buildConfigurations = (
				86D9D1492345E5C7001BD29F /* Debug */,
				86D9D14A2345E5C7001BD29F /* Release */,
			);
			defaultConfigurationIsVisible = 0;
			defaultConfigurationName = Release;
		};
/* End XCConfigurationList section */
	};
	rootObject = 86D9D12C2345E5C5001BD29F /* Project object */;
}
